
Microsoft Visual Studio Solution File, Format Version 12.00
# Visual Studio Version 16
VisualStudioVersion = 16.0.29806.167
MinimumVisualStudioVersion = 10.0.40219.1
Project("{FAE04EC0-301F-11D3-BF4B-00C04F79EFBC}") = "UnSub.API.Gateway", "UnSub.API.Gateway\UnSub.API.Gateway.csproj", "{BFBAE4E8-1E63-492D-A1BF-2F0350EF9B83}"
EndProject
Project("{FAE04EC0-301F-11D3-BF4B-00C04F79EFBC}") = "UnSub.API.google_search", "UnSub.API.google_search\UnSub.API.google_search.csproj", "{CAE3E9F9-6FC3-4475-BC14-F8EC7E817B4D}"
EndProject
Global
	GlobalSection(SolutionConfigurationPlatforms) = preSolution
		Debug|Any CPU = Debug|Any CPU
		Release|Any CPU = Release|Any CPU
	EndGlobalSection
	GlobalSection(ProjectConfigurationPlatforms) = postSolution
		{BFBAE4E8-1E63-492D-A1BF-2F0350EF9B83}.Debug|Any CPU.ActiveCfg = Debug|Any CPU
		{BFBAE4E8-1E63-492D-A1BF-2F0350EF9B83}.Debug|Any CPU.Build.0 = Debug|Any CPU
		{BFBAE4E8-1E63-492D-A1BF-2F0350EF9B83}.Release|Any CPU.ActiveCfg = Release|Any CPU
		{BFBAE4E8-1E63-492D-A1BF-2F0350EF9B83}.Release|Any CPU.Build.0 = Release|Any CPU
		{CAE3E9F9-6FC3-4475-BC14-F8EC7E817B4D}.Debug|Any CPU.ActiveCfg = Debug|Any CPU
		{CAE3E9F9-6FC3-4475-BC14-F8EC7E817B4D}.Debug|Any CPU.Build.0 = Debug|Any CPU
		{CAE3E9F9-6FC3-4475-BC14-F8EC7E817B4D}.Release|Any CPU.ActiveCfg = Release|Any CPU
		{CAE3E9F9-6FC3-4475-BC14-F8EC7E817B4D}.Release|Any CPU.Build.0 = Release|Any CPU
	EndGlobalSection
	GlobalSection(SolutionProperties) = preSolution
		HideSolutionNode = FALSE
	EndGlobalSection
	GlobalSection(ExtensibilityGlobals) = postSolution
		SolutionGuid = {DE4E081B-4B46-4325-9EF4-D00DB09E7751}
	EndGlobalSection
EndGlobal
